// !$*UTF8*$!
{
	archiveVersion = 1;
	classes = {
	};
	objectVersion = 50;
	objects = {

/* Begin PBXBuildFile section */
		382E7145245913E400D8FD61 /* Counter.swift in Sources */ = {isa = PBXBuildFile; fileRef = 382E7144245913E400D8FD61 /* Counter.swift */; };
		382E71472459141B00D8FD61 /* Router.swift in Sources */ = {isa = PBXBuildFile; fileRef = 382E71462459141B00D8FD61 /* Router.swift */; };
		382E714B245917B900D8FD61 /* ProductsTableViewCell.swift in Sources */ = {isa = PBXBuildFile; fileRef = 382E7149245917B900D8FD61 /* ProductsTableViewCell.swift */; };
		382E714C245917B900D8FD61 /* ProductsTableViewCell.xib in Resources */ = {isa = PBXBuildFile; fileRef = 382E714A245917B900D8FD61 /* ProductsTableViewCell.xib */; };
		382E714E245918C900D8FD61 /* UIViewExtension.swift in Sources */ = {isa = PBXBuildFile; fileRef = 382E714D245918C900D8FD61 /* UIViewExtension.swift */; };
		382E7150245919BE00D8FD61 /* StoreVCExtensions.swift in Sources */ = {isa = PBXBuildFile; fileRef = 382E714F245919BE00D8FD61 /* StoreVCExtensions.swift */; };
		382E71542459255900D8FD61 /* ProductViewModel.swift in Sources */ = {isa = PBXBuildFile; fileRef = 382E71532459255900D8FD61 /* ProductViewModel.swift */; };
		382E715624593EB200D8FD61 /* AddProductViewController.swift in Sources */ = {isa = PBXBuildFile; fileRef = 382E715524593EB200D8FD61 /* AddProductViewController.swift */; };
		382E71582459422400D8FD61 /* AddProductViewModel.swift in Sources */ = {isa = PBXBuildFile; fileRef = 382E71572459422400D8FD61 /* AddProductViewModel.swift */; };
		3870CD722458D54B0032BE3A /* AppDelegate.swift in Sources */ = {isa = PBXBuildFile; fileRef = 3870CD712458D54B0032BE3A /* AppDelegate.swift */; };
		3870CD742458D54B0032BE3A /* StoreViewController.swift in Sources */ = {isa = PBXBuildFile; fileRef = 3870CD732458D54B0032BE3A /* StoreViewController.swift */; };
		3870CD772458D54B0032BE3A /* Main.storyboard in Resources */ = {isa = PBXBuildFile; fileRef = 3870CD752458D54B0032BE3A /* Main.storyboard */; };
		3870CD792458D54F0032BE3A /* Assets.xcassets in Resources */ = {isa = PBXBuildFile; fileRef = 3870CD782458D54F0032BE3A /* Assets.xcassets */; };
		3870CD7C2458D54F0032BE3A /* LaunchScreen.storyboard in Resources */ = {isa = PBXBuildFile; fileRef = 3870CD7A2458D54F0032BE3A /* LaunchScreen.storyboard */; };
		3870CD872458D5500032BE3A /* StoreWGTests.swift in Sources */ = {isa = PBXBuildFile; fileRef = 3870CD862458D5500032BE3A /* StoreWGTests.swift */; };
		3870CD962458D7DD0032BE3A /* UIAlertExtension.swift in Sources */ = {isa = PBXBuildFile; fileRef = 3870CD952458D7DD0032BE3A /* UIAlertExtension.swift */; };
		3870CD982458D83C0032BE3A /* Globals.swift in Sources */ = {isa = PBXBuildFile; fileRef = 3870CD972458D83C0032BE3A /* Globals.swift */; };
		3870CD9C2458E74D0032BE3A /* APIManager.swift in Sources */ = {isa = PBXBuildFile; fileRef = 3870CD9B2458E74D0032BE3A /* APIManager.swift */; };
		3870CDA42458F5E60032BE3A /* StoreManager.swift in Sources */ = {isa = PBXBuildFile; fileRef = 3870CDA32458F5E60032BE3A /* StoreManager.swift */; };
		3870CDA62458F7780032BE3A /* StoreViewModel.swift in Sources */ = {isa = PBXBuildFile; fileRef = 3870CDA52458F7780032BE3A /* StoreViewModel.swift */; };
		3870CDA82458F8A20032BE3A /* UIViewControllerExtension.swift in Sources */ = {isa = PBXBuildFile; fileRef = 3870CDA72458F8A20032BE3A /* UIViewControllerExtension.swift */; };
		38CD1594245964CB0069265F /* EmptyStore.xib in Resources */ = {isa = PBXBuildFile; fileRef = 38CD1593245964CB0069265F /* EmptyStore.xib */; };
/* End PBXBuildFile section */

/* Begin PBXContainerItemProxy section */
		3870CD832458D5500032BE3A /* PBXContainerItemProxy */ = {
			isa = PBXContainerItemProxy;
			containerPortal = 3870CD662458D54B0032BE3A /* Project object */;
			proxyType = 1;
			remoteGlobalIDString = 3870CD6D2458D54B0032BE3A;
			remoteInfo = StoreWG;
		};
/* End PBXContainerItemProxy section */

/* Begin PBXFileReference section */
		382E7144245913E400D8FD61 /* Counter.swift */ = {isa = PBXFileReference; lastKnownFileType = sourcecode.swift; path = Counter.swift; sourceTree = "<group>"; };
		382E71462459141B00D8FD61 /* Router.swift */ = {isa = PBXFileReference; lastKnownFileType = sourcecode.swift; path = Router.swift; sourceTree = "<group>"; };
		382E7149245917B900D8FD61 /* ProductsTableViewCell.swift */ = {isa = PBXFileReference; lastKnownFileType = sourcecode.swift; path = ProductsTableViewCell.swift; sourceTree = "<group>"; };
		382E714A245917B900D8FD61 /* ProductsTableViewCell.xib */ = {isa = PBXFileReference; lastKnownFileType = file.xib; path = ProductsTableViewCell.xib; sourceTree = "<group>"; };
		382E714D245918C900D8FD61 /* UIViewExtension.swift */ = {isa = PBXFileReference; lastKnownFileType = sourcecode.swift; path = UIViewExtension.swift; sourceTree = "<group>"; };
		382E714F245919BE00D8FD61 /* StoreVCExtensions.swift */ = {isa = PBXFileReference; lastKnownFileType = sourcecode.swift; path = StoreVCExtensions.swift; sourceTree = "<group>"; };
		382E71532459255900D8FD61 /* ProductViewModel.swift */ = {isa = PBXFileReference; lastKnownFileType = sourcecode.swift; path = ProductViewModel.swift; sourceTree = "<group>"; };
		382E715524593EB200D8FD61 /* AddProductViewController.swift */ = {isa = PBXFileReference; lastKnownFileType = sourcecode.swift; path = AddProductViewController.swift; sourceTree = "<group>"; };
		382E71572459422400D8FD61 /* AddProductViewModel.swift */ = {isa = PBXFileReference; lastKnownFileType = sourcecode.swift; path = AddProductViewModel.swift; sourceTree = "<group>"; };
		3870CD6E2458D54B0032BE3A /* StoreWG.app */ = {isa = PBXFileReference; explicitFileType = wrapper.application; includeInIndex = 0; path = StoreWG.app; sourceTree = BUILT_PRODUCTS_DIR; };
		3870CD712458D54B0032BE3A /* AppDelegate.swift */ = {isa = PBXFileReference; lastKnownFileType = sourcecode.swift; path = AppDelegate.swift; sourceTree = "<group>"; };
		3870CD732458D54B0032BE3A /* StoreViewController.swift */ = {isa = PBXFileReference; lastKnownFileType = sourcecode.swift; path = StoreViewController.swift; sourceTree = "<group>"; };
		3870CD762458D54B0032BE3A /* Base */ = {isa = PBXFileReference; lastKnownFileType = file.storyboard; name = Base; path = Base.lproj/Main.storyboard; sourceTree = "<group>"; };
		3870CD782458D54F0032BE3A /* Assets.xcassets */ = {isa = PBXFileReference; lastKnownFileType = folder.assetcatalog; path = Assets.xcassets; sourceTree = "<group>"; };
		3870CD7B2458D54F0032BE3A /* Base */ = {isa = PBXFileReference; lastKnownFileType = file.storyboard; name = Base; path = Base.lproj/LaunchScreen.storyboard; sourceTree = "<group>"; };
		3870CD7D2458D54F0032BE3A /* Info.plist */ = {isa = PBXFileReference; lastKnownFileType = text.plist.xml; path = Info.plist; sourceTree = "<group>"; };
		3870CD822458D5500032BE3A /* StoreWGTests.xctest */ = {isa = PBXFileReference; explicitFileType = wrapper.cfbundle; includeInIndex = 0; path = StoreWGTests.xctest; sourceTree = BUILT_PRODUCTS_DIR; };
		3870CD862458D5500032BE3A /* StoreWGTests.swift */ = {isa = PBXFileReference; lastKnownFileType = sourcecode.swift; path = StoreWGTests.swift; sourceTree = "<group>"; };
		3870CD882458D5500032BE3A /* Info.plist */ = {isa = PBXFileReference; lastKnownFileType = text.plist.xml; path = Info.plist; sourceTree = "<group>"; };
		3870CD952458D7DD0032BE3A /* UIAlertExtension.swift */ = {isa = PBXFileReference; lastKnownFileType = sourcecode.swift; path = UIAlertExtension.swift; sourceTree = "<group>"; };
		3870CD972458D83C0032BE3A /* Globals.swift */ = {isa = PBXFileReference; lastKnownFileType = sourcecode.swift; path = Globals.swift; sourceTree = "<group>"; };
		3870CD9B2458E74D0032BE3A /* APIManager.swift */ = {isa = PBXFileReference; lastKnownFileType = sourcecode.swift; path = APIManager.swift; sourceTree = "<group>"; };
		3870CDA32458F5E60032BE3A /* StoreManager.swift */ = {isa = PBXFileReference; lastKnownFileType = sourcecode.swift; path = StoreManager.swift; sourceTree = "<group>"; };
		3870CDA52458F7780032BE3A /* StoreViewModel.swift */ = {isa = PBXFileReference; lastKnownFileType = sourcecode.swift; path = StoreViewModel.swift; sourceTree = "<group>"; };
		3870CDA72458F8A20032BE3A /* UIViewControllerExtension.swift */ = {isa = PBXFileReference; lastKnownFileType = sourcecode.swift; path = UIViewControllerExtension.swift; sourceTree = "<group>"; };
		38CD1593245964CB0069265F /* EmptyStore.xib */ = {isa = PBXFileReference; lastKnownFileType = file.xib; path = EmptyStore.xib; sourceTree = "<group>"; };
/* End PBXFileReference section */

/* Begin PBXFrameworksBuildPhase section */
		3870CD6B2458D54B0032BE3A /* Frameworks */ = {
			isa = PBXFrameworksBuildPhase;
			buildActionMask = 2147483647;
			files = (
			);
			runOnlyForDeploymentPostprocessing = 0;
		};
		3870CD7F2458D5500032BE3A /* Frameworks */ = {
			isa = PBXFrameworksBuildPhase;
			buildActionMask = 2147483647;
			files = (
			);
			runOnlyForDeploymentPostprocessing = 0;
		};
/* End PBXFrameworksBuildPhase section */

/* Begin PBXGroup section */
		382E71482459179700D8FD61 /* ProductsTableViewCell */ = {
			isa = PBXGroup;
			children = (
				382E7149245917B900D8FD61 /* ProductsTableViewCell.swift */,
				382E714A245917B900D8FD61 /* ProductsTableViewCell.xib */,
				382E71532459255900D8FD61 /* ProductViewModel.swift */,
			);
			path = ProductsTableViewCell;
			sourceTree = "<group>";
		};
		382E715C245957C500D8FD61 /* Extensions */ = {
			isa = PBXGroup;
			children = (
				382E714D245918C900D8FD61 /* UIViewExtension.swift */,
				3870CD952458D7DD0032BE3A /* UIAlertExtension.swift */,
				3870CDA72458F8A20032BE3A /* UIViewControllerExtension.swift */,
			);
			path = Extensions;
			sourceTree = "<group>";
		};
		3870CD652458D54B0032BE3A = {
			isa = PBXGroup;
			children = (
				3870CD702458D54B0032BE3A /* StoreWG */,
				3870CD852458D5500032BE3A /* StoreWGTests */,
				3870CD6F2458D54B0032BE3A /* Products */,
			);
			sourceTree = "<group>";
		};
		3870CD6F2458D54B0032BE3A /* Products */ = {
			isa = PBXGroup;
			children = (
				3870CD6E2458D54B0032BE3A /* StoreWG.app */,
				3870CD822458D5500032BE3A /* StoreWGTests.xctest */,
			);
			name = Products;
			sourceTree = "<group>";
		};
		3870CD702458D54B0032BE3A /* StoreWG */ = {
			isa = PBXGroup;
			children = (
				3870CD9A2458E3420032BE3A /* APIManager */,
				3870CD992458D94B0032BE3A /* Modules */,
				3870CD942458D7BE0032BE3A /* Utils */,
				3870CD922458D7A70032BE3A /* Assets */,
				3870CD912458D69B0032BE3A /* Main */,
			);
			path = StoreWG;
			sourceTree = "<group>";
		};
		3870CD852458D5500032BE3A /* StoreWGTests */ = {
			isa = PBXGroup;
			children = (
				3870CD862458D5500032BE3A /* StoreWGTests.swift */,
				3870CD882458D5500032BE3A /* Info.plist */,
			);
			path = StoreWGTests;
			sourceTree = "<group>";
		};
		3870CD912458D69B0032BE3A /* Main */ = {
			isa = PBXGroup;
			children = (
				3870CD712458D54B0032BE3A /* AppDelegate.swift */,
				3870CD7A2458D54F0032BE3A /* LaunchScreen.storyboard */,
				3870CD7D2458D54F0032BE3A /* Info.plist */,
			);
			path = Main;
			sourceTree = "<group>";
		};
		3870CD922458D7A70032BE3A /* Assets */ = {
			isa = PBXGroup;
			children = (
				3870CD932458D7AE0032BE3A /* Images */,
			);
			path = Assets;
			sourceTree = "<group>";
		};
		3870CD932458D7AE0032BE3A /* Images */ = {
			isa = PBXGroup;
			children = (
				3870CD782458D54F0032BE3A /* Assets.xcassets */,
			);
			path = Images;
			sourceTree = "<group>";
		};
		3870CD942458D7BE0032BE3A /* Utils */ = {
			isa = PBXGroup;
			children = (
				382E715C245957C500D8FD61 /* Extensions */,
				3870CD972458D83C0032BE3A /* Globals.swift */,
			);
			path = Utils;
			sourceTree = "<group>";
		};
		3870CD992458D94B0032BE3A /* Modules */ = {
			isa = PBXGroup;
			children = (
				3870CD9D2458F54D0032BE3A /* StoreMain */,
			);
			path = Modules;
			sourceTree = "<group>";
		};
		3870CD9A2458E3420032BE3A /* APIManager */ = {
			isa = PBXGroup;
			children = (
				3870CD9B2458E74D0032BE3A /* APIManager.swift */,
				382E71462459141B00D8FD61 /* Router.swift */,
			);
			path = APIManager;
			sourceTree = "<group>";
		};
		3870CD9D2458F54D0032BE3A /* StoreMain */ = {
			isa = PBXGroup;
			children = (
				3870CD9E2458F55A0032BE3A /* Manager */,
				3870CD9F2458F5630032BE3A /* Model */,
				3870CDA02458F56A0032BE3A /* View */,
				3870CDA12458F5710032BE3A /* ViewController */,
				3870CDA22458F57A0032BE3A /* ViewModel */,
			);
			path = StoreMain;
			sourceTree = "<group>";
		};
		3870CD9E2458F55A0032BE3A /* Manager */ = {
			isa = PBXGroup;
			children = (
				3870CDA32458F5E60032BE3A /* StoreManager.swift */,
			);
			path = Manager;
			sourceTree = "<group>";
		};
		3870CD9F2458F5630032BE3A /* Model */ = {
			isa = PBXGroup;
			children = (
				382E7144245913E400D8FD61 /* Counter.swift */,
			);
			path = Model;
			sourceTree = "<group>";
		};
		3870CDA02458F56A0032BE3A /* View */ = {
			isa = PBXGroup;
			children = (
				38CD1590245964930069265F /* EmptyStore */,
				382E71482459179700D8FD61 /* ProductsTableViewCell */,
				3870CD752458D54B0032BE3A /* Main.storyboard */,
			);
			path = View;
			sourceTree = "<group>";
		};
		3870CDA12458F5710032BE3A /* ViewController */ = {
			isa = PBXGroup;
			children = (
				3870CD732458D54B0032BE3A /* StoreViewController.swift */,
				382E714F245919BE00D8FD61 /* StoreVCExtensions.swift */,
				382E715524593EB200D8FD61 /* AddProductViewController.swift */,
			);
			path = ViewController;
			sourceTree = "<group>";
		};
		3870CDA22458F57A0032BE3A /* ViewModel */ = {
			isa = PBXGroup;
			children = (
				3870CDA52458F7780032BE3A /* StoreViewModel.swift */,
				382E71572459422400D8FD61 /* AddProductViewModel.swift */,
			);
			path = ViewModel;
			sourceTree = "<group>";
		};
		38CD1590245964930069265F /* EmptyStore */ = {
			isa = PBXGroup;
			children = (
				38CD1593245964CB0069265F /* EmptyStore.xib */,
			);
			path = EmptyStore;
			sourceTree = "<group>";
		};
/* End PBXGroup section */

/* Begin PBXNativeTarget section */
		3870CD6D2458D54B0032BE3A /* StoreWG */ = {
			isa = PBXNativeTarget;
			buildConfigurationList = 3870CD8B2458D5500032BE3A /* Build configuration list for PBXNativeTarget "StoreWG" */;
			buildPhases = (
				3870CD6A2458D54B0032BE3A /* Sources */,
				3870CD6B2458D54B0032BE3A /* Frameworks */,
				3870CD6C2458D54B0032BE3A /* Resources */,
			);
			buildRules = (
			);
			dependencies = (
			);
			name = StoreWG;
			productName = StoreWG;
			productReference = 3870CD6E2458D54B0032BE3A /* StoreWG.app */;
			productType = "com.apple.product-type.application";
		};
		3870CD812458D5500032BE3A /* StoreWGTests */ = {
			isa = PBXNativeTarget;
			buildConfigurationList = 3870CD8E2458D5500032BE3A /* Build configuration list for PBXNativeTarget "StoreWGTests" */;
			buildPhases = (
				3870CD7E2458D5500032BE3A /* Sources */,
				3870CD7F2458D5500032BE3A /* Frameworks */,
				3870CD802458D5500032BE3A /* Resources */,
			);
			buildRules = (
			);
			dependencies = (
				3870CD842458D5500032BE3A /* PBXTargetDependency */,
			);
			name = StoreWGTests;
			productName = StoreWGTests;
			productReference = 3870CD822458D5500032BE3A /* StoreWGTests.xctest */;
			productType = "com.apple.product-type.bundle.unit-test";
		};
/* End PBXNativeTarget section */

/* Begin PBXProject section */
		3870CD662458D54B0032BE3A /* Project object */ = {
			isa = PBXProject;
			attributes = {
				LastSwiftUpdateCheck = 1010;
				LastUpgradeCheck = 1010;
				ORGANIZATIONNAME = "Jorge Luis Rivera Ladino";
				TargetAttributes = {
					3870CD6D2458D54B0032BE3A = {
						CreatedOnToolsVersion = 10.1;
					};
					3870CD812458D5500032BE3A = {
						CreatedOnToolsVersion = 10.1;
						TestTargetID = 3870CD6D2458D54B0032BE3A;
					};
				};
			};
			buildConfigurationList = 3870CD692458D54B0032BE3A /* Build configuration list for PBXProject "StoreWG" */;
			compatibilityVersion = "Xcode 9.3";
			developmentRegion = en;
			hasScannedForEncodings = 0;
			knownRegions = (
				en,
				Base,
			);
			mainGroup = 3870CD652458D54B0032BE3A;
			productRefGroup = 3870CD6F2458D54B0032BE3A /* Products */;
			projectDirPath = "";
			projectRoot = "";
			targets = (
				3870CD6D2458D54B0032BE3A /* StoreWG */,
				3870CD812458D5500032BE3A /* StoreWGTests */,
			);
		};
/* End PBXProject section */

/* Begin PBXResourcesBuildPhase section */
		3870CD6C2458D54B0032BE3A /* Resources */ = {
			isa = PBXResourcesBuildPhase;
			buildActionMask = 2147483647;
			files = (
				3870CD7C2458D54F0032BE3A /* LaunchScreen.storyboard in Resources */,
				38CD1594245964CB0069265F /* EmptyStore.xib in Resources */,
				382E714C245917B900D8FD61 /* ProductsTableViewCell.xib in Resources */,
				3870CD792458D54F0032BE3A /* Assets.xcassets in Resources */,
				3870CD772458D54B0032BE3A /* Main.storyboard in Resources */,
			);
			runOnlyForDeploymentPostprocessing = 0;
		};
		3870CD802458D5500032BE3A /* Resources */ = {
			isa = PBXResourcesBuildPhase;
			buildActionMask = 2147483647;
			files = (
			);
			runOnlyForDeploymentPostprocessing = 0;
		};
/* End PBXResourcesBuildPhase section */

/* Begin PBXSourcesBuildPhase section */
		3870CD6A2458D54B0032BE3A /* Sources */ = {
			isa = PBXSourcesBuildPhase;
			buildActionMask = 2147483647;
			files = (
				3870CD982458D83C0032BE3A /* Globals.swift in Sources */,
				382E71582459422400D8FD61 /* AddProductViewModel.swift in Sources */,
				3870CDA62458F7780032BE3A /* StoreViewModel.swift in Sources */,
				382E715624593EB200D8FD61 /* AddProductViewController.swift in Sources */,
				382E71472459141B00D8FD61 /* Router.swift in Sources */,
				3870CD742458D54B0032BE3A /* StoreViewController.swift in Sources */,
				3870CD9C2458E74D0032BE3A /* APIManager.swift in Sources */,
				382E7150245919BE00D8FD61 /* StoreVCExtensions.swift in Sources */,
				3870CDA82458F8A20032BE3A /* UIViewControllerExtension.swift in Sources */,
				382E714E245918C900D8FD61 /* UIViewExtension.swift in Sources */,
				382E7145245913E400D8FD61 /* Counter.swift in Sources */,
				3870CDA42458F5E60032BE3A /* StoreManager.swift in Sources */,
				382E714B245917B900D8FD61 /* ProductsTableViewCell.swift in Sources */,
				3870CD962458D7DD0032BE3A /* UIAlertExtension.swift in Sources */,
				3870CD722458D54B0032BE3A /* AppDelegate.swift in Sources */,
				382E71542459255900D8FD61 /* ProductViewModel.swift in Sources */,
			);
			runOnlyForDeploymentPostprocessing = 0;
		};
		3870CD7E2458D5500032BE3A /* Sources */ = {
			isa = PBXSourcesBuildPhase;
			buildActionMask = 2147483647;
			files = (
				3870CD872458D5500032BE3A /* StoreWGTests.swift in Sources */,
			);
			runOnlyForDeploymentPostprocessing = 0;
		};
/* End PBXSourcesBuildPhase section */

/* Begin PBXTargetDependency section */
		3870CD842458D5500032BE3A /* PBXTargetDependency */ = {
			isa = PBXTargetDependency;
			target = 3870CD6D2458D54B0032BE3A /* StoreWG */;
			targetProxy = 3870CD832458D5500032BE3A /* PBXContainerItemProxy */;
		};
/* End PBXTargetDependency section */

/* Begin PBXVariantGroup section */
		3870CD752458D54B0032BE3A /* Main.storyboard */ = {
			isa = PBXVariantGroup;
			children = (
				3870CD762458D54B0032BE3A /* Base */,
			);
			name = Main.storyboard;
			sourceTree = "<group>";
		};
		3870CD7A2458D54F0032BE3A /* LaunchScreen.storyboard */ = {
			isa = PBXVariantGroup;
			children = (
				3870CD7B2458D54F0032BE3A /* Base */,
			);
			name = LaunchScreen.storyboard;
			sourceTree = "<group>";
		};
/* End PBXVariantGroup section */

/* Begin XCBuildConfiguration section */
		3870CD892458D5500032BE3A /* Debug */ = {
			isa = XCBuildConfiguration;
			buildSettings = {
				ALWAYS_SEARCH_USER_PATHS = NO;
				CLANG_ANALYZER_NONNULL = YES;
				CLANG_ANALYZER_NUMBER_OBJECT_CONVERSION = YES_AGGRESSIVE;
				CLANG_CXX_LANGUAGE_STANDARD = "gnu++14";
				CLANG_CXX_LIBRARY = "libc++";
				CLANG_ENABLE_MODULES = YES;
				CLANG_ENABLE_OBJC_ARC = YES;
				CLANG_ENABLE_OBJC_WEAK = YES;
				CLANG_WARN_BLOCK_CAPTURE_AUTORELEASING = YES;
				CLANG_WARN_BOOL_CONVERSION = YES;
				CLANG_WARN_COMMA = YES;
				CLANG_WARN_CONSTANT_CONVERSION = YES;
				CLANG_WARN_DEPRECATED_OBJC_IMPLEMENTATIONS = YES;
				CLANG_WARN_DIRECT_OBJC_ISA_USAGE = YES_ERROR;
				CLANG_WARN_DOCUMENTATION_COMMENTS = YES;
				CLANG_WARN_EMPTY_BODY = YES;
				CLANG_WARN_ENUM_CONVERSION = YES;
				CLANG_WARN_INFINITE_RECURSION = YES;
				CLANG_WARN_INT_CONVERSION = YES;
				CLANG_WARN_NON_LITERAL_NULL_CONVERSION = YES;
				CLANG_WARN_OBJC_IMPLICIT_RETAIN_SELF = YES;
				CLANG_WARN_OBJC_LITERAL_CONVERSION = YES;
				CLANG_WARN_OBJC_ROOT_CLASS = YES_ERROR;
				CLANG_WARN_RANGE_LOOP_ANALYSIS = YES;
				CLANG_WARN_STRICT_PROTOTYPES = YES;
				CLANG_WARN_SUSPICIOUS_MOVE = YES;
				CLANG_WARN_UNGUARDED_AVAILABILITY = YES_AGGRESSIVE;
				CLANG_WARN_UNREACHABLE_CODE = YES;
				CLANG_WARN__DUPLICATE_METHOD_MATCH = YES;
				CODE_SIGN_IDENTITY = "iPhone Developer";
				COPY_PHASE_STRIP = NO;
				DEBUG_INFORMATION_FORMAT = dwarf;
				ENABLE_STRICT_OBJC_MSGSEND = YES;
				ENABLE_TESTABILITY = YES;
				GCC_C_LANGUAGE_STANDARD = gnu11;
				GCC_DYNAMIC_NO_PIC = NO;
				GCC_NO_COMMON_BLOCKS = YES;
				GCC_OPTIMIZATION_LEVEL = 0;
				GCC_PREPROCESSOR_DEFINITIONS = (
					"DEBUG=1",
					"$(inherited)",
				);
				GCC_WARN_64_TO_32_BIT_CONVERSION = YES;
				GCC_WARN_ABOUT_RETURN_TYPE = YES_ERROR;
				GCC_WARN_UNDECLARED_SELECTOR = YES;
				GCC_WARN_UNINITIALIZED_AUTOS = YES_AGGRESSIVE;
				GCC_WARN_UNUSED_FUNCTION = YES;
				GCC_WARN_UNUSED_VARIABLE = YES;
				IPHONEOS_DEPLOYMENT_TARGET = 12.1;
				MTL_ENABLE_DEBUG_INFO = INCLUDE_SOURCE;
				MTL_FAST_MATH = YES;
				ONLY_ACTIVE_ARCH = YES;
				SDKROOT = iphoneos;
				SWIFT_ACTIVE_COMPILATION_CONDITIONS = DEBUG;
				SWIFT_OPTIMIZATION_LEVEL = "-Onone";
			};
			name = Debug;
		};
		3870CD8A2458D5500032BE3A /* Release */ = {
			isa = XCBuildConfiguration;
			buildSettings = {
				ALWAYS_SEARCH_USER_PATHS = NO;
				CLANG_ANALYZER_NONNULL = YES;
				CLANG_ANALYZER_NUMBER_OBJECT_CONVERSION = YES_AGGRESSIVE;
				CLANG_CXX_LANGUAGE_STANDARD = "gnu++14";
				CLANG_CXX_LIBRARY = "libc++";
				CLANG_ENABLE_MODULES = YES;
				CLANG_ENABLE_OBJC_ARC = YES;
				CLANG_ENABLE_OBJC_WEAK = YES;
				CLANG_WARN_BLOCK_CAPTURE_AUTORELEASING = YES;
				CLANG_WARN_BOOL_CONVERSION = YES;
				CLANG_WARN_COMMA = YES;
				CLANG_WARN_CONSTANT_CONVERSION = YES;
				CLANG_WARN_DEPRECATED_OBJC_IMPLEMENTATIONS = YES;
				CLANG_WARN_DIRECT_OBJC_ISA_USAGE = YES_ERROR;
				CLANG_WARN_DOCUMENTATION_COMMENTS = YES;
				CLANG_WARN_EMPTY_BODY = YES;
				CLANG_WARN_ENUM_CONVERSION = YES;
				CLANG_WARN_INFINITE_RECURSION = YES;
				CLANG_WARN_INT_CONVERSION = YES;
				CLANG_WARN_NON_LITERAL_NULL_CONVERSION = YES;
				CLANG_WARN_OBJC_IMPLICIT_RETAIN_SELF = YES;
				CLANG_WARN_OBJC_LITERAL_CONVERSION = YES;
				CLANG_WARN_OBJC_ROOT_CLASS = YES_ERROR;
				CLANG_WARN_RANGE_LOOP_ANALYSIS = YES;
				CLANG_WARN_STRICT_PROTOTYPES = YES;
				CLANG_WARN_SUSPICIOUS_MOVE = YES;
				CLANG_WARN_UNGUARDED_AVAILABILITY = YES_AGGRESSIVE;
				CLANG_WARN_UNREACHABLE_CODE = YES;
				CLANG_WARN__DUPLICATE_METHOD_MATCH = YES;
				CODE_SIGN_IDENTITY = "iPhone Developer";
				COPY_PHASE_STRIP = NO;
				DEBUG_INFORMATION_FORMAT = "dwarf-with-dsym";
				ENABLE_NS_ASSERTIONS = NO;
				ENABLE_STRICT_OBJC_MSGSEND = YES;
				GCC_C_LANGUAGE_STANDARD = gnu11;
				GCC_NO_COMMON_BLOCKS = YES;
				GCC_WARN_64_TO_32_BIT_CONVERSION = YES;
				GCC_WARN_ABOUT_RETURN_TYPE = YES_ERROR;
				GCC_WARN_UNDECLARED_SELECTOR = YES;
				GCC_WARN_UNINITIALIZED_AUTOS = YES_AGGRESSIVE;
				GCC_WARN_UNUSED_FUNCTION = YES;
				GCC_WARN_UNUSED_VARIABLE = YES;
				IPHONEOS_DEPLOYMENT_TARGET = 12.1;
				MTL_ENABLE_DEBUG_INFO = NO;
				MTL_FAST_MATH = YES;
				SDKROOT = iphoneos;
				SWIFT_COMPILATION_MODE = wholemodule;
				SWIFT_OPTIMIZATION_LEVEL = "-O";
				VALIDATE_PRODUCT = YES;
			};
			name = Release;
		};
		3870CD8C2458D5500032BE3A /* Debug */ = {
			isa = XCBuildConfiguration;
			buildSettings = {
				ASSETCATALOG_COMPILER_APPICON_NAME = AppIcon;
				CODE_SIGN_STYLE = Automatic;
				INFOPLIST_FILE = "$(SRCROOT)/StoreWG/Main/Info.plist";
				LD_RUNPATH_SEARCH_PATHS = (
					"$(inherited)",
					"@executable_path/Frameworks",
				);
				PRODUCT_BUNDLE_IDENTIFIER = siul.StoreWG;
				PRODUCT_NAME = "$(TARGET_NAME)";
				SWIFT_VERSION = 4.2;
				TARGETED_DEVICE_FAMILY = "1,2";
			};
			name = Debug;
		};
		3870CD8D2458D5500032BE3A /* Release */ = {
			isa = XCBuildConfiguration;
			buildSettings = {
				ASSETCATALOG_COMPILER_APPICON_NAME = AppIcon;
				CODE_SIGN_STYLE = Automatic;
				INFOPLIST_FILE = "$(SRCROOT)/StoreWG/Main/Info.plist";
				LD_RUNPATH_SEARCH_PATHS = (
					"$(inherited)",
					"@executable_path/Frameworks",
				);
				PRODUCT_BUNDLE_IDENTIFIER = siul.StoreWG;
				PRODUCT_NAME = "$(TARGET_NAME)";
				SWIFT_VERSION = 4.2;
				TARGETED_DEVICE_FAMILY = "1,2";
			};
			name = Release;
		};
		3870CD8F2458D5500032BE3A /* Debug */ = {
			isa = XCBuildConfiguration;
			buildSettings = {
				ALWAYS_EMBED_SWIFT_STANDARD_LIBRARIES = YES;
				BUNDLE_LOADER = "$(TEST_HOST)";
				CODE_SIGN_STYLE = Automatic;
				INFOPLIST_FILE = StoreWGTests/Info.plist;
				LD_RUNPATH_SEARCH_PATHS = (
					"$(inherited)",
					"@executable_path/Frameworks",
					"@loader_path/Frameworks",
				);
				PRODUCT_BUNDLE_IDENTIFIER = siul.StoreWGTests;
				PRODUCT_NAME = "$(TARGET_NAME)";
				SWIFT_VERSION = 4.2;
				TARGETED_DEVICE_FAMILY = "1,2";
				TEST_HOST = "$(BUILT_PRODUCTS_DIR)/StoreWG.app/StoreWG";
			};
			name = Debug;
		};
		3870CD902458D5500032BE3A /* Release */ = {
			isa = XCBuildConfiguration;
			buildSettings = {
				ALWAYS_EMBED_SWIFT_STANDARD_LIBRARIES = YES;
				BUNDLE_LOADER = "$(TEST_HOST)";
				CODE_SIGN_STYLE = Automatic;
				INFOPLIST_FILE = StoreWGTests/Info.plist;
				LD_RUNPATH_SEARCH_PATHS = (
					"$(inherited)",
					"@executable_path/Frameworks",
					"@loader_path/Frameworks",
				);
				PRODUCT_BUNDLE_IDENTIFIER = siul.StoreWGTests;
				PRODUCT_NAME = "$(TARGET_NAME)";
				SWIFT_VERSION = 4.2;
				TARGETED_DEVICE_FAMILY = "1,2";
				TEST_HOST = "$(BUILT_PRODUCTS_DIR)/StoreWG.app/StoreWG";
			};
			name = Release;
		};
/* End XCBuildConfiguration section */

/* Begin XCConfigurationList section */
		3870CD692458D54B0032BE3A /* Build configuration list for PBXProject "StoreWG" */ = {
			isa = XCConfigurationList;
			buildConfigurations = (
				3870CD892458D5500032BE3A /* Debug */,
				3870CD8A2458D5500032BE3A /* Release */,
			);
			defaultConfigurationIsVisible = 0;
			defaultConfigurationName = Release;
		};
		3870CD8B2458D5500032BE3A /* Build configuration list for PBXNativeTarget "StoreWG" */ = {
			isa = XCConfigurationList;
			buildConfigurations = (
				3870CD8C2458D5500032BE3A /* Debug */,
				3870CD8D2458D5500032BE3A /* Release */,
			);
			defaultConfigurationIsVisible = 0;
			defaultConfigurationName = Release;
		};
		3870CD8E2458D5500032BE3A /* Build configuration list for PBXNativeTarget "StoreWGTests" */ = {
			isa = XCConfigurationList;
			buildConfigurations = (
				3870CD8F2458D5500032BE3A /* Debug */,
				3870CD902458D5500032BE3A /* Release */,
			);
			defaultConfigurationIsVisible = 0;
			defaultConfigurationName = Release;
		};
/* End XCConfigurationList section */
	};
	rootObject = 3870CD662458D54B0032BE3A /* Project object */;
}
